{
  "name": "@droidworks/tokenjuice-rtk",
  "version": "0.1.0",
  "lockfileVersion": 3,
  "requires": true,
  "packages": {
    "": {
      "name": "@droidworks/tokenjuice-rtk",
      "version": "0.1.0",
      "license": "MIT",
      "dependencies": {
        "tokenjuice": "0.8.5"
      }
    },
    "node_modules/tokenjuice": {
      "version": "0.8.5",
      "resolved": "https://registry.npmjs.org/tokenjuice/-/tokenjuice-0.8.5.tgz",
      "integrity": "sha512-5soJ9faUut2eAC8f4rHxBH3lipdK2mtgy6N8uWvYCnt3MZ37tKYeR6e5PjEyyO3NrSkt1PMG3KZxQIc10urA3w==",
      "license": "MIT",
      "bin": {
        "tokenjuice": "dist/cli/main.js"
      },
      "engines": {
        "node": ">=20"
      },
      "funding": {
        "type": "github",
        "url": "https://github.com/sponsors/vincentkoc"
      }
    }
  }
}
